
Microsoft Visual Studio Solution File, Format Version 12.00
# Visual Studio Version 16
VisualStudioVersion = 16.0.31410.357
MinimumVisualStudioVersion = 10.0.40219.1
Project("{FAE04EC0-301F-11D3-BF4B-00C04F79EFBC}") = "CsharpP18", "CsharpP18.csproj", "{9602E6FA-1B5E-47B5-BA67-26237B501745}"
EndProject
Global
	GlobalSection(SolutionConfigurationPlatforms) = preSolution
		Debug|Any CPU = Debug|Any CPU
		Release|Any CPU = Release|Any CPU
	EndGlobalSection
	GlobalSection(ProjectConfigurationPlatforms) = postSolution
		{9602E6FA-1B5E-47B5-BA67-26237B501745}.Debug|Any CPU.ActiveCfg = Debug|Any CPU
		{9602E6FA-1B5E-47B5-BA67-26237B501745}.Debug|Any CPU.Build.0 = Debug|Any CPU
		{9602E6FA-1B5E-47B5-BA67-26237B501745}.Release|Any CPU.ActiveCfg = Release|Any CPU
		{9602E6FA-1B5E-47B5-BA67-26237B501745}.Release|Any CPU.Build.0 = Release|Any CPU
	EndGlobalSection
	GlobalSection(SolutionProperties) = preSolution
		HideSolutionNode = FALSE
	EndGlobalSection
	GlobalSection(ExtensibilityGlobals) = postSolution
		SolutionGuid = {AF2CFDBB-3103-4ECF-9206-322FA3C021FD}
	EndGlobalSection
EndGlobal
